
Microsoft Visual Studio Solution File, Format Version 12.00
# Visual Studio Version 17
VisualStudioVersion = 17.6.33815.320
MinimumVisualStudioVersion = 10.0.40219.1
Project("{9A19103F-16F7-4668-BE54-9A1E7A4F7556}") = "Project1", "Project1.csproj", "{644BB6BC-4447-4B58-B752-72E485E9FC3C}"
EndProject
Project("{9A19103F-16F7-4668-BE54-9A1E7A4F7556}") = "DataProject", "..\DataProject\DataProject.csproj", "{824A78DE-ACE5-4A6A-A0E4-E638B58A40EA}"
EndProject
Global
	GlobalSection(SolutionConfigurationPlatforms) = preSolution
		Debug|Any CPU = Debug|Any CPU
		Release|Any CPU = Release|Any CPU
	EndGlobalSection
	GlobalSection(ProjectConfigurationPlatforms) = postSolution
		{644BB6BC-4447-4B58-B752-72E485E9FC3C}.Debug|Any CPU.ActiveCfg = Debug|Any CPU
		{644BB6BC-4447-4B58-B752-72E485E9FC3C}.Debug|Any CPU.Build.0 = Debug|Any CPU
		{644BB6BC-4447-4B58-B752-72E485E9FC3C}.Release|Any CPU.ActiveCfg = Release|Any CPU
		{644BB6BC-4447-4B58-B752-72E485E9FC3C}.Release|Any CPU.Build.0 = Release|Any CPU
		{824A78DE-ACE5-4A6A-A0E4-E638B58A40EA}.Debug|Any CPU.ActiveCfg = Debug|Any CPU
		{824A78DE-ACE5-4A6A-A0E4-E638B58A40EA}.Debug|Any CPU.Build.0 = Debug|Any CPU
		{824A78DE-ACE5-4A6A-A0E4-E638B58A40EA}.Release|Any CPU.ActiveCfg = Release|Any CPU
		{824A78DE-ACE5-4A6A-A0E4-E638B58A40EA}.Release|Any CPU.Build.0 = Release|Any CPU
	EndGlobalSection
	GlobalSection(SolutionProperties) = preSolution
		HideSolutionNode = FALSE
	EndGlobalSection
	GlobalSection(ExtensibilityGlobals) = postSolution
		SolutionGuid = {B0D46897-B65F-4551-8770-C9D431A41BF5}
	EndGlobalSection
EndGlobal
